<Solution>
  <Folder Name="/.github/" />
  <Folder Name="/.github/scripts/">
    <File Path=".github/scripts/package.json" />
    <File Path=".github/scripts/validate-schemas.js" />
  </Folder>
  <Folder Name="/.github/scripts/tests/">
    <File Path=".github/scripts/tests/TEST_RESULTS.md" />
  </Folder>
  <Folder Name="/.github/scripts/tests/invalid-id/">
    <File Path=".github/scripts/tests/invalid-id/mismatched-path.schema.json" />
    <File Path=".github/scripts/tests/invalid-id/relative-id.schema.json" />
    <File Path=".github/scripts/tests/invalid-id/wrong-base-url.schema.json" />
  </Folder>
  <Folder Name="/.github/scripts/tests/invalid-naming/">
    <File Path=".github/scripts/tests/invalid-naming/BadFileName.schema.json" />
    <File Path=".github/scripts/tests/invalid-naming/file--double-hyphen.schema.json" />
    <File Path=".github/scripts/tests/invalid-naming/snake_case_name.schema.json" />
  </Folder>
  <Folder Name="/.github/scripts/tests/invalid-refs/">
    <File Path=".github/scripts/tests/invalid-refs/relative-ref.schema.json" />
    <File Path=".github/scripts/tests/invalid-refs/wrong-base-url-ref.schema.json" />
  </Folder>
  <Folder Name="/.github/scripts/tests/INVALID_FOLDER/">
    <File Path=".github/scripts/tests/INVALID_FOLDER/test.schema.json" />
  </Folder>
  <Folder Name="/.github/scripts/tests/nested-refs/">
    <File Path=".github/scripts/tests/nested-refs/child.schema.json" />
    <File Path=".github/scripts/tests/nested-refs/item.schema.json" />
    <File Path=".github/scripts/tests/nested-refs/parent.schema.json" />
  </Folder>
  <Folder Name="/.github/scripts/tests/valid-edge-cases/">
    <File Path=".github/scripts/tests/valid-edge-cases/multiple-extensions.test.schema.json" />
    <File Path=".github/scripts/tests/valid-edge-cases/single-letter-v1.schema.json" />
    <File Path=".github/scripts/tests/valid-edge-cases/with-numbers-123.schema.json" />
  </Folder>
  <Folder Name="/.github/workflows/">
    <File Path=".github/workflows/validate-schemas.yml" />
  </Folder>
  <Folder Name="/Solution Items/">
    <File Path=".editorconfig" />
    <File Path=".gitignore" />
  </Folder>
  <Project Path="test-ajv.csproj" />
</Solution>
